
Microsoft Visual Studio Solution File, Format Version 12.00
# Visual Studio Version 17
VisualStudioVersion = 17.14.36408.4 d17.14
MinimumVisualStudioVersion = 10.0.40219.1
Project("{FAE04EC0-301F-11D3-BF4B-00C04F79EFBC}") = "JLokaTestMiddleware", "JLokaTestMiddleware.csproj", "{F309DB8C-661A-412D-BEC8-A7A00427E493}"
EndProject
Global
	GlobalSection(SolutionConfigurationPlatforms) = preSolution
		Debug|Any CPU = Debug|Any CPU
		Release|Any CPU = Release|Any CPU
	EndGlobalSection
	GlobalSection(ProjectConfigurationPlatforms) = postSolution
		{F309DB8C-661A-412D-BEC8-A7A00427E493}.Debug|Any CPU.ActiveCfg = Debug|Any CPU
		{F309DB8C-661A-412D-BEC8-A7A00427E493}.Debug|Any CPU.Build.0 = Debug|Any CPU
		{F309DB8C-661A-412D-BEC8-A7A00427E493}.Release|Any CPU.ActiveCfg = Release|Any CPU
		{F309DB8C-661A-412D-BEC8-A7A00427E493}.Release|Any CPU.Build.0 = Release|Any CPU
	EndGlobalSection
	GlobalSection(SolutionProperties) = preSolution
		HideSolutionNode = FALSE
	EndGlobalSection
	GlobalSection(ExtensibilityGlobals) = postSolution
		SolutionGuid = {8AB84D3F-C8C8-4ED6-883A-DC6193E409C6}
	EndGlobalSection
EndGlobal
